
Microsoft Visual Studio Solution File, Format Version 12.00
# Visual Studio Version 16
VisualStudioVersion = 16.0.29123.88
MinimumVisualStudioVersion = 10.0.40219.1
Project("{FAE04EC0-301F-11D3-BF4B-00C04F79EFBC}") = "ContactApi", "ContactApi\ContactApi.csproj", "{E5FB78BE-3035-474F-BDA1-820F4B6DAA14}"
EndProject
Global
	GlobalSection(SolutionConfigurationPlatforms) = preSolution
		Debug|Any CPU = Debug|Any CPU
		Release|Any CPU = Release|Any CPU
	EndGlobalSection
	GlobalSection(ProjectConfigurationPlatforms) = postSolution
		{E5FB78BE-3035-474F-BDA1-820F4B6DAA14}.Debug|Any CPU.ActiveCfg = Debug|Any CPU
		{E5FB78BE-3035-474F-BDA1-820F4B6DAA14}.Debug|Any CPU.Build.0 = Debug|Any CPU
		{E5FB78BE-3035-474F-BDA1-820F4B6DAA14}.Release|Any CPU.ActiveCfg = Release|Any CPU
		{E5FB78BE-3035-474F-BDA1-820F4B6DAA14}.Release|Any CPU.Build.0 = Release|Any CPU
	EndGlobalSection
	GlobalSection(SolutionProperties) = preSolution
		HideSolutionNode = FALSE
	EndGlobalSection
	GlobalSection(ExtensibilityGlobals) = postSolution
		SolutionGuid = {64EC60FB-D9F0-48FC-94FA-1117AA069131}
	EndGlobalSection
EndGlobal
